// !$*UTF8*$!
{
	archiveVersion = 1;
	classes = {
	};
	objectVersion = 56;
	objects = {

/* Begin PBXBuildFile section */
		9D3B04FC2C98DAF200B23E8C /* FBDictDemoApp.swift in Sources */ = {isa = PBXBuildFile; fileRef = 9D3B04FB2C98DAF200B23E8C /* FBDictDemoApp.swift */; };
		9D3B05002C98DAF800B23E8C /* Assets.xcassets in Resources */ = {isa = PBXBuildFile; fileRef = 9D3B04FF2C98DAF800B23E8C /* Assets.xcassets */; };
		9D3B05032C98DAF800B23E8C /* Preview Assets.xcassets in Resources */ = {isa = PBXBuildFile; fileRef = 9D3B05022C98DAF800B23E8C /* Preview Assets.xcassets */; };
		9D3B050D2C98DAF900B23E8C /* FBDictDemoTests.swift in Sources */ = {isa = PBXBuildFile; fileRef = 9D3B050C2C98DAF900B23E8C /* FBDictDemoTests.swift */; };
		9D3B05172C98DAFA00B23E8C /* FBDictDemoUITests.swift in Sources */ = {isa = PBXBuildFile; fileRef = 9D3B05162C98DAFA00B23E8C /* FBDictDemoUITests.swift */; };
		9D3B05192C98DAFA00B23E8C /* FBDictDemoUITestsLaunchTests.swift in Sources */ = {isa = PBXBuildFile; fileRef = 9D3B05182C98DAFA00B23E8C /* FBDictDemoUITestsLaunchTests.swift */; };
		9D3B05282C98DCE900B23E8C /* CameraView.swift in Sources */ = {isa = PBXBuildFile; fileRef = 9D3B05252C98DCE900B23E8C /* CameraView.swift */; };
		9D3B05292C98DCE900B23E8C /* PhotosView.swift in Sources */ = {isa = PBXBuildFile; fileRef = 9D3B05262C98DCE900B23E8C /* PhotosView.swift */; };
		9D3B052A2C98DCE900B23E8C /* CameraViewModel.swift in Sources */ = {isa = PBXBuildFile; fileRef = 9D3B05272C98DCE900B23E8C /* CameraViewModel.swift */; };
		9D3B052C2C98DD5000B23E8C /* UIImageCodable.swift in Sources */ = {isa = PBXBuildFile; fileRef = 9D3B052B2C98DD5000B23E8C /* UIImageCodable.swift */; };
		9D3B052E2C98DDB800B23E8C /* ContentView.swift in Sources */ = {isa = PBXBuildFile; fileRef = 9D3B052D2C98DDB800B23E8C /* ContentView.swift */; };
		9D3B05312C98DE1F00B23E8C /* RudifaUtilPkg in Frameworks */ = {isa = PBXBuildFile; productRef = 9D3B05302C98DE1F00B23E8C /* RudifaUtilPkg */; };
/* End PBXBuildFile section */

/* Begin PBXContainerItemProxy section */
		9D3B05092C98DAF900B23E8C /* PBXContainerItemProxy */ = {
			isa = PBXContainerItemProxy;
			containerPortal = 9D3B04F02C98DAF200B23E8C /* Project object */;
			proxyType = 1;
			remoteGlobalIDString = 9D3B04F72C98DAF200B23E8C;
			remoteInfo = FBDictDemo;
		};
		9D3B05132C98DAF900B23E8C /* PBXContainerItemProxy */ = {
			isa = PBXContainerItemProxy;
			containerPortal = 9D3B04F02C98DAF200B23E8C /* Project object */;
			proxyType = 1;
			remoteGlobalIDString = 9D3B04F72C98DAF200B23E8C;
			remoteInfo = FBDictDemo;
		};
/* End PBXContainerItemProxy section */

/* Begin PBXFileReference section */
		9D3B04F82C98DAF200B23E8C /* FBDictDemo.app */ = {isa = PBXFileReference; explicitFileType = wrapper.application; includeInIndex = 0; path = FBDictDemo.app; sourceTree = BUILT_PRODUCTS_DIR; };
		9D3B04FB2C98DAF200B23E8C /* FBDictDemoApp.swift */ = {isa = PBXFileReference; lastKnownFileType = sourcecode.swift; path = FBDictDemoApp.swift; sourceTree = "<group>"; };
		9D3B04FF2C98DAF800B23E8C /* Assets.xcassets */ = {isa = PBXFileReference; lastKnownFileType = folder.assetcatalog; path = Assets.xcassets; sourceTree = "<group>"; };
		9D3B05022C98DAF800B23E8C /* Preview Assets.xcassets */ = {isa = PBXFileReference; lastKnownFileType = folder.assetcatalog; path = "Preview Assets.xcassets"; sourceTree = "<group>"; };
		9D3B05082C98DAF900B23E8C /* FBDictDemoTests.xctest */ = {isa = PBXFileReference; explicitFileType = wrapper.cfbundle; includeInIndex = 0; path = FBDictDemoTests.xctest; sourceTree = BUILT_PRODUCTS_DIR; };
		9D3B050C2C98DAF900B23E8C /* FBDictDemoTests.swift */ = {isa = PBXFileReference; lastKnownFileType = sourcecode.swift; path = FBDictDemoTests.swift; sourceTree = "<group>"; };
		9D3B05122C98DAF900B23E8C /* FBDictDemoUITests.xctest */ = {isa = PBXFileReference; explicitFileType = wrapper.cfbundle; includeInIndex = 0; path = FBDictDemoUITests.xctest; sourceTree = BUILT_PRODUCTS_DIR; };
		9D3B05162C98DAFA00B23E8C /* FBDictDemoUITests.swift */ = {isa = PBXFileReference; lastKnownFileType = sourcecode.swift; path = FBDictDemoUITests.swift; sourceTree = "<group>"; };
		9D3B05182C98DAFA00B23E8C /* FBDictDemoUITestsLaunchTests.swift */ = {isa = PBXFileReference; lastKnownFileType = sourcecode.swift; path = FBDictDemoUITestsLaunchTests.swift; sourceTree = "<group>"; };
		9D3B05252C98DCE900B23E8C /* CameraView.swift */ = {isa = PBXFileReference; fileEncoding = 4; lastKnownFileType = sourcecode.swift; path = CameraView.swift; sourceTree = "<group>"; };
		9D3B05262C98DCE900B23E8C /* PhotosView.swift */ = {isa = PBXFileReference; fileEncoding = 4; lastKnownFileType = sourcecode.swift; path = PhotosView.swift; sourceTree = "<group>"; };
		9D3B05272C98DCE900B23E8C /* CameraViewModel.swift */ = {isa = PBXFileReference; fileEncoding = 4; lastKnownFileType = sourcecode.swift; path = CameraViewModel.swift; sourceTree = "<group>"; };
		9D3B052B2C98DD5000B23E8C /* UIImageCodable.swift */ = {isa = PBXFileReference; fileEncoding = 4; lastKnownFileType = sourcecode.swift; path = UIImageCodable.swift; sourceTree = "<group>"; };
		9D3B052D2C98DDB800B23E8C /* ContentView.swift */ = {isa = PBXFileReference; fileEncoding = 4; lastKnownFileType = sourcecode.swift; path = ContentView.swift; sourceTree = "<group>"; };
		9D3B05322C98DF7100B23E8C /* README.md */ = {isa = PBXFileReference; lastKnownFileType = net.daringfireball.markdown; path = README.md; sourceTree = "<group>"; };
/* End PBXFileReference section */

/* Begin PBXFrameworksBuildPhase section */
		9D3B04F52C98DAF200B23E8C /* Frameworks */ = {
			isa = PBXFrameworksBuildPhase;
			buildActionMask = 2147483647;
			files = (
				9D3B05312C98DE1F00B23E8C /* RudifaUtilPkg in Frameworks */,
			);
			runOnlyForDeploymentPostprocessing = 0;
		};
		9D3B05052C98DAF900B23E8C /* Frameworks */ = {
			isa = PBXFrameworksBuildPhase;
			buildActionMask = 2147483647;
			files = (
			);
			runOnlyForDeploymentPostprocessing = 0;
		};
		9D3B050F2C98DAF900B23E8C /* Frameworks */ = {
			isa = PBXFrameworksBuildPhase;
			buildActionMask = 2147483647;
			files = (
			);
			runOnlyForDeploymentPostprocessing = 0;
		};
/* End PBXFrameworksBuildPhase section */

/* Begin PBXGroup section */
		9D3B04EF2C98DAF200B23E8C = {
			isa = PBXGroup;
			children = (
				9D3B05322C98DF7100B23E8C /* README.md */,
				9D3B04FA2C98DAF200B23E8C /* FBDictDemo */,
				9D3B050B2C98DAF900B23E8C /* FBDictDemoTests */,
				9D3B05152C98DAF900B23E8C /* FBDictDemoUITests */,
				9D3B04F92C98DAF200B23E8C /* Products */,
			);
			sourceTree = "<group>";
		};
		9D3B04F92C98DAF200B23E8C /* Products */ = {
			isa = PBXGroup;
			children = (
				9D3B04F82C98DAF200B23E8C /* FBDictDemo.app */,
				9D3B05082C98DAF900B23E8C /* FBDictDemoTests.xctest */,
				9D3B05122C98DAF900B23E8C /* FBDictDemoUITests.xctest */,
			);
			name = Products;
			sourceTree = "<group>";
		};
		9D3B04FA2C98DAF200B23E8C /* FBDictDemo */ = {
			isa = PBXGroup;
			children = (
				9D3B052D2C98DDB800B23E8C /* ContentView.swift */,
				9D3B052B2C98DD5000B23E8C /* UIImageCodable.swift */,
				9D3B05252C98DCE900B23E8C /* CameraView.swift */,
				9D3B05272C98DCE900B23E8C /* CameraViewModel.swift */,
				9D3B05262C98DCE900B23E8C /* PhotosView.swift */,
				9D3B04FB2C98DAF200B23E8C /* FBDictDemoApp.swift */,
				9D3B04FF2C98DAF800B23E8C /* Assets.xcassets */,
				9D3B05012C98DAF800B23E8C /* Preview Content */,
			);
			path = FBDictDemo;
			sourceTree = "<group>";
		};
		9D3B05012C98DAF800B23E8C /* Preview Content */ = {
			isa = PBXGroup;
			children = (
				9D3B05022C98DAF800B23E8C /* Preview Assets.xcassets */,
			);
			path = "Preview Content";
			sourceTree = "<group>";
		};
		9D3B050B2C98DAF900B23E8C /* FBDictDemoTests */ = {
			isa = PBXGroup;
			children = (
				9D3B050C2C98DAF900B23E8C /* FBDictDemoTests.swift */,
			);
			path = FBDictDemoTests;
			sourceTree = "<group>";
		};
		9D3B05152C98DAF900B23E8C /* FBDictDemoUITests */ = {
			isa = PBXGroup;
			children = (
				9D3B05162C98DAFA00B23E8C /* FBDictDemoUITests.swift */,
				9D3B05182C98DAFA00B23E8C /* FBDictDemoUITestsLaunchTests.swift */,
			);
			path = FBDictDemoUITests;
			sourceTree = "<group>";
		};
/* End PBXGroup section */

/* Begin PBXNativeTarget section */
		9D3B04F72C98DAF200B23E8C /* FBDictDemo */ = {
			isa = PBXNativeTarget;
			buildConfigurationList = 9D3B051C2C98DAFA00B23E8C /* Build configuration list for PBXNativeTarget "FBDictDemo" */;
			buildPhases = (
				9D3B04F42C98DAF200B23E8C /* Sources */,
				9D3B04F52C98DAF200B23E8C /* Frameworks */,
				9D3B04F62C98DAF200B23E8C /* Resources */,
			);
			buildRules = (
			);
			dependencies = (
			);
			name = FBDictDemo;
			packageProductDependencies = (
				9D3B05302C98DE1F00B23E8C /* RudifaUtilPkg */,
			);
			productName = FBDictDemo;
			productReference = 9D3B04F82C98DAF200B23E8C /* FBDictDemo.app */;
			productType = "com.apple.product-type.application";
		};
		9D3B05072C98DAF900B23E8C /* FBDictDemoTests */ = {
			isa = PBXNativeTarget;
			buildConfigurationList = 9D3B051F2C98DAFA00B23E8C /* Build configuration list for PBXNativeTarget "FBDictDemoTests" */;
			buildPhases = (
				9D3B05042C98DAF900B23E8C /* Sources */,
				9D3B05052C98DAF900B23E8C /* Frameworks */,
				9D3B05062C98DAF900B23E8C /* Resources */,
			);
			buildRules = (
			);
			dependencies = (
				9D3B050A2C98DAF900B23E8C /* PBXTargetDependency */,
			);
			name = FBDictDemoTests;
			productName = FBDictDemoTests;
			productReference = 9D3B05082C98DAF900B23E8C /* FBDictDemoTests.xctest */;
			productType = "com.apple.product-type.bundle.unit-test";
		};
		9D3B05112C98DAF900B23E8C /* FBDictDemoUITests */ = {
			isa = PBXNativeTarget;
			buildConfigurationList = 9D3B05222C98DAFA00B23E8C /* Build configuration list for PBXNativeTarget "FBDictDemoUITests" */;
			buildPhases = (
				9D3B050E2C98DAF900B23E8C /* Sources */,
				9D3B050F2C98DAF900B23E8C /* Frameworks */,
				9D3B05102C98DAF900B23E8C /* Resources */,
			);
			buildRules = (
			);
			dependencies = (
				9D3B05142C98DAF900B23E8C /* PBXTargetDependency */,
			);
			name = FBDictDemoUITests;
			productName = FBDictDemoUITests;
			productReference = 9D3B05122C98DAF900B23E8C /* FBDictDemoUITests.xctest */;
			productType = "com.apple.product-type.bundle.ui-testing";
		};
/* End PBXNativeTarget section */

/* Begin PBXProject section */
		9D3B04F02C98DAF200B23E8C /* Project object */ = {
			isa = PBXProject;
			attributes = {
				BuildIndependentTargetsInParallel = 1;
				LastSwiftUpdateCheck = 1520;
				LastUpgradeCheck = 1520;
				TargetAttributes = {
					9D3B04F72C98DAF200B23E8C = {
						CreatedOnToolsVersion = 15.2;
					};
					9D3B05072C98DAF900B23E8C = {
						CreatedOnToolsVersion = 15.2;
						TestTargetID = 9D3B04F72C98DAF200B23E8C;
					};
					9D3B05112C98DAF900B23E8C = {
						CreatedOnToolsVersion = 15.2;
						TestTargetID = 9D3B04F72C98DAF200B23E8C;
					};
				};
			};
			buildConfigurationList = 9D3B04F32C98DAF200B23E8C /* Build configuration list for PBXProject "FBDictDemo" */;
			compatibilityVersion = "Xcode 14.0";
			developmentRegion = en;
			hasScannedForEncodings = 0;
			knownRegions = (
				en,
				Base,
			);
			mainGroup = 9D3B04EF2C98DAF200B23E8C;
			packageReferences = (
				9D3B052F2C98DE1F00B23E8C /* XCRemoteSwiftPackageReference "RudifaUtilPkg" */,
			);
			productRefGroup = 9D3B04F92C98DAF200B23E8C /* Products */;
			projectDirPath = "";
			projectRoot = "";
			targets = (
				9D3B04F72C98DAF200B23E8C /* FBDictDemo */,
				9D3B05072C98DAF900B23E8C /* FBDictDemoTests */,
				9D3B05112C98DAF900B23E8C /* FBDictDemoUITests */,
			);
		};
/* End PBXProject section */

/* Begin PBXResourcesBuildPhase section */
		9D3B04F62C98DAF200B23E8C /* Resources */ = {
			isa = PBXResourcesBuildPhase;
			buildActionMask = 2147483647;
			files = (
				9D3B05032C98DAF800B23E8C /* Preview Assets.xcassets in Resources */,
				9D3B05002C98DAF800B23E8C /* Assets.xcassets in Resources */,
			);
			runOnlyForDeploymentPostprocessing = 0;
		};
		9D3B05062C98DAF900B23E8C /* Resources */ = {
			isa = PBXResourcesBuildPhase;
			buildActionMask = 2147483647;
			files = (
			);
			runOnlyForDeploymentPostprocessing = 0;
		};
		9D3B05102C98DAF900B23E8C /* Resources */ = {
			isa = PBXResourcesBuildPhase;
			buildActionMask = 2147483647;
			files = (
			);
			runOnlyForDeploymentPostprocessing = 0;
		};
/* End PBXResourcesBuildPhase section */

/* Begin PBXSourcesBuildPhase section */
		9D3B04F42C98DAF200B23E8C /* Sources */ = {
			isa = PBXSourcesBuildPhase;
			buildActionMask = 2147483647;
			files = (
				9D3B04FC2C98DAF200B23E8C /* FBDictDemoApp.swift in Sources */,
				9D3B052A2C98DCE900B23E8C /* CameraViewModel.swift in Sources */,
				9D3B052E2C98DDB800B23E8C /* ContentView.swift in Sources */,
				9D3B052C2C98DD5000B23E8C /* UIImageCodable.swift in Sources */,
				9D3B05282C98DCE900B23E8C /* CameraView.swift in Sources */,
				9D3B05292C98DCE900B23E8C /* PhotosView.swift in Sources */,
			);
			runOnlyForDeploymentPostprocessing = 0;
		};
		9D3B05042C98DAF900B23E8C /* Sources */ = {
			isa = PBXSourcesBuildPhase;
			buildActionMask = 2147483647;
			files = (
				9D3B050D2C98DAF900B23E8C /* FBDictDemoTests.swift in Sources */,
			);
			runOnlyForDeploymentPostprocessing = 0;
		};
		9D3B050E2C98DAF900B23E8C /* Sources */ = {
			isa = PBXSourcesBuildPhase;
			buildActionMask = 2147483647;
			files = (
				9D3B05172C98DAFA00B23E8C /* FBDictDemoUITests.swift in Sources */,
				9D3B05192C98DAFA00B23E8C /* FBDictDemoUITestsLaunchTests.swift in Sources */,
			);
			runOnlyForDeploymentPostprocessing = 0;
		};
/* End PBXSourcesBuildPhase section */

/* Begin PBXTargetDependency section */
		9D3B050A2C98DAF900B23E8C /* PBXTargetDependency */ = {
			isa = PBXTargetDependency;
			target = 9D3B04F72C98DAF200B23E8C /* FBDictDemo */;
			targetProxy = 9D3B05092C98DAF900B23E8C /* PBXContainerItemProxy */;
		};
		9D3B05142C98DAF900B23E8C /* PBXTargetDependency */ = {
			isa = PBXTargetDependency;
			target = 9D3B04F72C98DAF200B23E8C /* FBDictDemo */;
			targetProxy = 9D3B05132C98DAF900B23E8C /* PBXContainerItemProxy */;
		};
/* End PBXTargetDependency section */

/* Begin XCBuildConfiguration section */
		9D3B051A2C98DAFA00B23E8C /* Debug */ = {
			isa = XCBuildConfiguration;
			buildSettings = {
				ALWAYS_SEARCH_USER_PATHS = NO;
				ASSETCATALOG_COMPILER_GENERATE_SWIFT_ASSET_SYMBOL_EXTENSIONS = YES;
				CLANG_ANALYZER_NONNULL = YES;
				CLANG_ANALYZER_NUMBER_OBJECT_CONVERSION = YES_AGGRESSIVE;
				CLANG_CXX_LANGUAGE_STANDARD = "gnu++20";
				CLANG_ENABLE_MODULES = YES;
				CLANG_ENABLE_OBJC_ARC = YES;
				CLANG_ENABLE_OBJC_WEAK = YES;
				CLANG_WARN_BLOCK_CAPTURE_AUTORELEASING = YES;
				CLANG_WARN_BOOL_CONVERSION = YES;
				CLANG_WARN_COMMA = YES;
				CLANG_WARN_CONSTANT_CONVERSION = YES;
				CLANG_WARN_DEPRECATED_OBJC_IMPLEMENTATIONS = YES;
				CLANG_WARN_DIRECT_OBJC_ISA_USAGE = YES_ERROR;
				CLANG_WARN_DOCUMENTATION_COMMENTS = YES;
				CLANG_WARN_EMPTY_BODY = YES;
				CLANG_WARN_ENUM_CONVERSION = YES;
				CLANG_WARN_INFINITE_RECURSION = YES;
				CLANG_WARN_INT_CONVERSION = YES;
				CLANG_WARN_NON_LITERAL_NULL_CONVERSION = YES;
				CLANG_WARN_OBJC_IMPLICIT_RETAIN_SELF = YES;
				CLANG_WARN_OBJC_LITERAL_CONVERSION = YES;
				CLANG_WARN_OBJC_ROOT_CLASS = YES_ERROR;
				CLANG_WARN_QUOTED_INCLUDE_IN_FRAMEWORK_HEADER = YES;
				CLANG_WARN_RANGE_LOOP_ANALYSIS = YES;
				CLANG_WARN_STRICT_PROTOTYPES = YES;
				CLANG_WARN_SUSPICIOUS_MOVE = YES;
				CLANG_WARN_UNGUARDED_AVAILABILITY = YES_AGGRESSIVE;
				CLANG_WARN_UNREACHABLE_CODE = YES;
				CLANG_WARN__DUPLICATE_METHOD_MATCH = YES;
				COPY_PHASE_STRIP = NO;
				DEBUG_INFORMATION_FORMAT = dwarf;
				ENABLE_STRICT_OBJC_MSGSEND = YES;
				ENABLE_TESTABILITY = YES;
				ENABLE_USER_SCRIPT_SANDBOXING = YES;
				GCC_C_LANGUAGE_STANDARD = gnu17;
				GCC_DYNAMIC_NO_PIC = NO;
				GCC_NO_COMMON_BLOCKS = YES;
				GCC_OPTIMIZATION_LEVEL = 0;
				GCC_PREPROCESSOR_DEFINITIONS = (
					"DEBUG=1",
					"$(inherited)",
				);
				GCC_WARN_64_TO_32_BIT_CONVERSION = YES;
				GCC_WARN_ABOUT_RETURN_TYPE = YES_ERROR;
				GCC_WARN_UNDECLARED_SELECTOR = YES;
				GCC_WARN_UNINITIALIZED_AUTOS = YES_AGGRESSIVE;
				GCC_WARN_UNUSED_FUNCTION = YES;
				GCC_WARN_UNUSED_VARIABLE = YES;
				IPHONEOS_DEPLOYMENT_TARGET = 17.2;
				LOCALIZATION_PREFERS_STRING_CATALOGS = YES;
				MTL_ENABLE_DEBUG_INFO = INCLUDE_SOURCE;
				MTL_FAST_MATH = YES;
				ONLY_ACTIVE_ARCH = YES;
				SDKROOT = iphoneos;
				SWIFT_ACTIVE_COMPILATION_CONDITIONS = "DEBUG $(inherited)";
				SWIFT_OPTIMIZATION_LEVEL = "-Onone";
			};
			name = Debug;
		};
		9D3B051B2C98DAFA00B23E8C /* Release */ = {
			isa = XCBuildConfiguration;
			buildSettings = {
				ALWAYS_SEARCH_USER_PATHS = NO;
				ASSETCATALOG_COMPILER_GENERATE_SWIFT_ASSET_SYMBOL_EXTENSIONS = YES;
				CLANG_ANALYZER_NONNULL = YES;
				CLANG_ANALYZER_NUMBER_OBJECT_CONVERSION = YES_AGGRESSIVE;
				CLANG_CXX_LANGUAGE_STANDARD = "gnu++20";
				CLANG_ENABLE_MODULES = YES;
				CLANG_ENABLE_OBJC_ARC = YES;
				CLANG_ENABLE_OBJC_WEAK = YES;
				CLANG_WARN_BLOCK_CAPTURE_AUTORELEASING = YES;
				CLANG_WARN_BOOL_CONVERSION = YES;
				CLANG_WARN_COMMA = YES;
				CLANG_WARN_CONSTANT_CONVERSION = YES;
				CLANG_WARN_DEPRECATED_OBJC_IMPLEMENTATIONS = YES;
				CLANG_WARN_DIRECT_OBJC_ISA_USAGE = YES_ERROR;
				CLANG_WARN_DOCUMENTATION_COMMENTS = YES;
				CLANG_WARN_EMPTY_BODY = YES;
				CLANG_WARN_ENUM_CONVERSION = YES;
				CLANG_WARN_INFINITE_RECURSION = YES;
				CLANG_WARN_INT_CONVERSION = YES;
				CLANG_WARN_NON_LITERAL_NULL_CONVERSION = YES;
				CLANG_WARN_OBJC_IMPLICIT_RETAIN_SELF = YES;
				CLANG_WARN_OBJC_LITERAL_CONVERSION = YES;
				CLANG_WARN_OBJC_ROOT_CLASS = YES_ERROR;
				CLANG_WARN_QUOTED_INCLUDE_IN_FRAMEWORK_HEADER = YES;
				CLANG_WARN_RANGE_LOOP_ANALYSIS = YES;
				CLANG_WARN_STRICT_PROTOTYPES = YES;
				CLANG_WARN_SUSPICIOUS_MOVE = YES;
				CLANG_WARN_UNGUARDED_AVAILABILITY = YES_AGGRESSIVE;
				CLANG_WARN_UNREACHABLE_CODE = YES;
				CLANG_WARN__DUPLICATE_METHOD_MATCH = YES;
				COPY_PHASE_STRIP = NO;
				DEBUG_INFORMATION_FORMAT = "dwarf-with-dsym";
				ENABLE_NS_ASSERTIONS = NO;
				ENABLE_STRICT_OBJC_MSGSEND = YES;
				ENABLE_USER_SCRIPT_SANDBOXING = YES;
				GCC_C_LANGUAGE_STANDARD = gnu17;
				GCC_NO_COMMON_BLOCKS = YES;
				GCC_WARN_64_TO_32_BIT_CONVERSION = YES;
				GCC_WARN_ABOUT_RETURN_TYPE = YES_ERROR;
				GCC_WARN_UNDECLARED_SELECTOR = YES;
				GCC_WARN_UNINITIALIZED_AUTOS = YES_AGGRESSIVE;
				GCC_WARN_UNUSED_FUNCTION = YES;
				GCC_WARN_UNUSED_VARIABLE = YES;
				IPHONEOS_DEPLOYMENT_TARGET = 17.2;
				LOCALIZATION_PREFERS_STRING_CATALOGS = YES;
				MTL_ENABLE_DEBUG_INFO = NO;
				MTL_FAST_MATH = YES;
				SDKROOT = iphoneos;
				SWIFT_COMPILATION_MODE = wholemodule;
				VALIDATE_PRODUCT = YES;
			};
			name = Release;
		};
		9D3B051D2C98DAFA00B23E8C /* Debug */ = {
			isa = XCBuildConfiguration;
			buildSettings = {
				ASSETCATALOG_COMPILER_APPICON_NAME = AppIcon;
				ASSETCATALOG_COMPILER_GLOBAL_ACCENT_COLOR_NAME = AccentColor;
				CODE_SIGN_STYLE = Automatic;
				CURRENT_PROJECT_VERSION = 1;
				DEVELOPMENT_ASSET_PATHS = "\"FBDictDemo/Preview Content\"";
				DEVELOPMENT_TEAM = LHA84NAPNA;
				ENABLE_PREVIEWS = YES;
				GENERATE_INFOPLIST_FILE = YES;
				INFOPLIST_KEY_NSCameraUsageDescription = "This app wants to usew the camera  to take photos.";
				INFOPLIST_KEY_UIApplicationSceneManifest_Generation = YES;
				INFOPLIST_KEY_UIApplicationSupportsIndirectInputEvents = YES;
				INFOPLIST_KEY_UILaunchScreen_Generation = YES;
				INFOPLIST_KEY_UISupportedInterfaceOrientations_iPad = "UIInterfaceOrientationPortrait UIInterfaceOrientationPortraitUpsideDown UIInterfaceOrientationLandscapeLeft UIInterfaceOrientationLandscapeRight";
				INFOPLIST_KEY_UISupportedInterfaceOrientations_iPhone = "UIInterfaceOrientationPortrait UIInterfaceOrientationLandscapeLeft UIInterfaceOrientationLandscapeRight";
				LD_RUNPATH_SEARCH_PATHS = (
					"$(inherited)",
					"@executable_path/Frameworks",
				);
				MARKETING_VERSION = 1.0;
				PRODUCT_BUNDLE_IDENTIFIER = ch.rudifa.FBDictDemo;
				PRODUCT_NAME = "$(TARGET_NAME)";
				SWIFT_EMIT_LOC_STRINGS = YES;
				SWIFT_VERSION = 5.0;
				TARGETED_DEVICE_FAMILY = "1,2";
			};
			name = Debug;
		};
		9D3B051E2C98DAFA00B23E8C /* Release */ = {
			isa = XCBuildConfiguration;
			buildSettings = {
				ASSETCATALOG_COMPILER_APPICON_NAME = AppIcon;
				ASSETCATALOG_COMPILER_GLOBAL_ACCENT_COLOR_NAME = AccentColor;
				CODE_SIGN_STYLE = Automatic;
				CURRENT_PROJECT_VERSION = 1;
				DEVELOPMENT_ASSET_PATHS = "\"FBDictDemo/Preview Content\"";
				DEVELOPMENT_TEAM = LHA84NAPNA;
				ENABLE_PREVIEWS = YES;
				GENERATE_INFOPLIST_FILE = YES;
				INFOPLIST_KEY_NSCameraUsageDescription = "This app wants to usew the camera  to take photos.";
				INFOPLIST_KEY_UIApplicationSceneManifest_Generation = YES;
				INFOPLIST_KEY_UIApplicationSupportsIndirectInputEvents = YES;
				INFOPLIST_KEY_UILaunchScreen_Generation = YES;
				INFOPLIST_KEY_UISupportedInterfaceOrientations_iPad = "UIInterfaceOrientationPortrait UIInterfaceOrientationPortraitUpsideDown UIInterfaceOrientationLandscapeLeft UIInterfaceOrientationLandscapeRight";
				INFOPLIST_KEY_UISupportedInterfaceOrientations_iPhone = "UIInterfaceOrientationPortrait UIInterfaceOrientationLandscapeLeft UIInterfaceOrientationLandscapeRight";
				LD_RUNPATH_SEARCH_PATHS = (
					"$(inherited)",
					"@executable_path/Frameworks",
				);
				MARKETING_VERSION = 1.0;
				PRODUCT_BUNDLE_IDENTIFIER = ch.rudifa.FBDictDemo;
				PRODUCT_NAME = "$(TARGET_NAME)";
				SWIFT_EMIT_LOC_STRINGS = YES;
				SWIFT_VERSION = 5.0;
				TARGETED_DEVICE_FAMILY = "1,2";
			};
			name = Release;
		};
		9D3B05202C98DAFA00B23E8C /* Debug */ = {
			isa = XCBuildConfiguration;
			buildSettings = {
				ALWAYS_EMBED_SWIFT_STANDARD_LIBRARIES = YES;
				BUNDLE_LOADER = "$(TEST_HOST)";
				CODE_SIGN_STYLE = Automatic;
				CURRENT_PROJECT_VERSION = 1;
				DEVELOPMENT_TEAM = LHA84NAPNA;
				GENERATE_INFOPLIST_FILE = YES;
				IPHONEOS_DEPLOYMENT_TARGET = 17.2;
				MARKETING_VERSION = 1.0;
				PRODUCT_BUNDLE_IDENTIFIER = ch.rudifa.FBDictDemoTests;
				PRODUCT_NAME = "$(TARGET_NAME)";
				SWIFT_EMIT_LOC_STRINGS = NO;
				SWIFT_VERSION = 5.0;
				TARGETED_DEVICE_FAMILY = "1,2";
				TEST_HOST = "$(BUILT_PRODUCTS_DIR)/FBDictDemo.app/$(BUNDLE_EXECUTABLE_FOLDER_PATH)/FBDictDemo";
			};
			name = Debug;
		};
		9D3B05212C98DAFA00B23E8C /* Release */ = {
			isa = XCBuildConfiguration;
			buildSettings = {
				ALWAYS_EMBED_SWIFT_STANDARD_LIBRARIES = YES;
				BUNDLE_LOADER = "$(TEST_HOST)";
				CODE_SIGN_STYLE = Automatic;
				CURRENT_PROJECT_VERSION = 1;
				DEVELOPMENT_TEAM = LHA84NAPNA;
				GENERATE_INFOPLIST_FILE = YES;
				IPHONEOS_DEPLOYMENT_TARGET = 17.2;
				MARKETING_VERSION = 1.0;
				PRODUCT_BUNDLE_IDENTIFIER = ch.rudifa.FBDictDemoTests;
				PRODUCT_NAME = "$(TARGET_NAME)";
				SWIFT_EMIT_LOC_STRINGS = NO;
				SWIFT_VERSION = 5.0;
				TARGETED_DEVICE_FAMILY = "1,2";
				TEST_HOST = "$(BUILT_PRODUCTS_DIR)/FBDictDemo.app/$(BUNDLE_EXECUTABLE_FOLDER_PATH)/FBDictDemo";
			};
			name = Release;
		};
		9D3B05232C98DAFA00B23E8C /* Debug */ = {
			isa = XCBuildConfiguration;
			buildSettings = {
				ALWAYS_EMBED_SWIFT_STANDARD_LIBRARIES = YES;
				CODE_SIGN_STYLE = Automatic;
				CURRENT_PROJECT_VERSION = 1;
				DEVELOPMENT_TEAM = LHA84NAPNA;
				GENERATE_INFOPLIST_FILE = YES;
				MARKETING_VERSION = 1.0;
				PRODUCT_BUNDLE_IDENTIFIER = ch.rudifa.FBDictDemoUITests;
				PRODUCT_NAME = "$(TARGET_NAME)";
				SWIFT_EMIT_LOC_STRINGS = NO;
				SWIFT_VERSION = 5.0;
				TARGETED_DEVICE_FAMILY = "1,2";
				TEST_TARGET_NAME = FBDictDemo;
			};
			name = Debug;
		};
		9D3B05242C98DAFA00B23E8C /* Release */ = {
			isa = XCBuildConfiguration;
			buildSettings = {
				ALWAYS_EMBED_SWIFT_STANDARD_LIBRARIES = YES;
				CODE_SIGN_STYLE = Automatic;
				CURRENT_PROJECT_VERSION = 1;
				DEVELOPMENT_TEAM = LHA84NAPNA;
				GENERATE_INFOPLIST_FILE = YES;
				MARKETING_VERSION = 1.0;
				PRODUCT_BUNDLE_IDENTIFIER = ch.rudifa.FBDictDemoUITests;
				PRODUCT_NAME = "$(TARGET_NAME)";
				SWIFT_EMIT_LOC_STRINGS = NO;
				SWIFT_VERSION = 5.0;
				TARGETED_DEVICE_FAMILY = "1,2";
				TEST_TARGET_NAME = FBDictDemo;
			};
			name = Release;
		};
/* End XCBuildConfiguration section */

/* Begin XCConfigurationList section */
		9D3B04F32C98DAF200B23E8C /* Build configuration list for PBXProject "FBDictDemo" */ = {
			isa = XCConfigurationList;
			buildConfigurations = (
				9D3B051A2C98DAFA00B23E8C /* Debug */,
				9D3B051B2C98DAFA00B23E8C /* Release */,
			);
			defaultConfigurationIsVisible = 0;
			defaultConfigurationName = Release;
		};
		9D3B051C2C98DAFA00B23E8C /* Build configuration list for PBXNativeTarget "FBDictDemo" */ = {
			isa = XCConfigurationList;
			buildConfigurations = (
				9D3B051D2C98DAFA00B23E8C /* Debug */,
				9D3B051E2C98DAFA00B23E8C /* Release */,
			);
			defaultConfigurationIsVisible = 0;
			defaultConfigurationName = Release;
		};
		9D3B051F2C98DAFA00B23E8C /* Build configuration list for PBXNativeTarget "FBDictDemoTests" */ = {
			isa = XCConfigurationList;
			buildConfigurations = (
				9D3B05202C98DAFA00B23E8C /* Debug */,
				9D3B05212C98DAFA00B23E8C /* Release */,
			);
			defaultConfigurationIsVisible = 0;
			defaultConfigurationName = Release;
		};
		9D3B05222C98DAFA00B23E8C /* Build configuration list for PBXNativeTarget "FBDictDemoUITests" */ = {
			isa = XCConfigurationList;
			buildConfigurations = (
				9D3B05232C98DAFA00B23E8C /* Debug */,
				9D3B05242C98DAFA00B23E8C /* Release */,
			);
			defaultConfigurationIsVisible = 0;
			defaultConfigurationName = Release;
		};
/* End XCConfigurationList section */

/* Begin XCRemoteSwiftPackageReference section */
		9D3B052F2C98DE1F00B23E8C /* XCRemoteSwiftPackageReference "RudifaUtilPkg" */ = {
			isa = XCRemoteSwiftPackageReference;
			repositoryURL = "https://github.com/rudifa/RudifaUtilPkg";
			requirement = {
				kind = upToNextMajorVersion;
				minimumVersion = 1.7.3;
			};
		};
/* End XCRemoteSwiftPackageReference section */

/* Begin XCSwiftPackageProductDependency section */
		9D3B05302C98DE1F00B23E8C /* RudifaUtilPkg */ = {
			isa = XCSwiftPackageProductDependency;
			package = 9D3B052F2C98DE1F00B23E8C /* XCRemoteSwiftPackageReference "RudifaUtilPkg" */;
			productName = RudifaUtilPkg;
		};
/* End XCSwiftPackageProductDependency section */
	};
	rootObject = 9D3B04F02C98DAF200B23E8C /* Project object */;
}
